// !$*UTF8*$!
{
	archiveVersion = 1;
	classes = {
	};
	objectVersion = 56;
	objects = {

/* Begin PBXBuildFile section */
		53820ED32A71FFF4001B7561 /* AppDelegate.swift in Sources */ = {isa = PBXBuildFile; fileRef = 53820ED22A71FFF4001B7561 /* AppDelegate.swift */; };
		53820ED52A71FFF4001B7561 /* SceneDelegate.swift in Sources */ = {isa = PBXBuildFile; fileRef = 53820ED42A71FFF4001B7561 /* SceneDelegate.swift */; };
		53820ED72A71FFF4001B7561 /* ViewController.swift in Sources */ = {isa = PBXBuildFile; fileRef = 53820ED62A71FFF4001B7561 /* ViewController.swift */; };
		53820EDA2A71FFF4001B7561 /* Main.storyboard in Resources */ = {isa = PBXBuildFile; fileRef = 53820ED82A71FFF4001B7561 /* Main.storyboard */; };
		53820EDC2A71FFF5001B7561 /* Assets.xcassets in Resources */ = {isa = PBXBuildFile; fileRef = 53820EDB2A71FFF5001B7561 /* Assets.xcassets */; };
		53820EDF2A71FFF5001B7561 /* LaunchScreen.storyboard in Resources */ = {isa = PBXBuildFile; fileRef = 53820EDD2A71FFF5001B7561 /* LaunchScreen.storyboard */; };
		53820EE72A721002001B7561 /* TodoTableViewController.swift in Sources */ = {isa = PBXBuildFile; fileRef = 53820EE62A721002001B7561 /* TodoTableViewController.swift */; };
		53820EE92A7232DF001B7561 /* StudyTableViewController.swift in Sources */ = {isa = PBXBuildFile; fileRef = 53820EE82A7232DF001B7561 /* StudyTableViewController.swift */; };
		53820EEB2A724974001B7561 /* Extension.swift in Sources */ = {isa = PBXBuildFile; fileRef = 53820EEA2A724974001B7561 /* Extension.swift */; };
		53820EED2A724C9E001B7561 /* Setting.storyboard in Resources */ = {isa = PBXBuildFile; fileRef = 53820EEC2A724C9E001B7561 /* Setting.storyboard */; };
		53820EEF2A725256001B7561 /* DynamicPrototypesTableViewController.swift in Sources */ = {isa = PBXBuildFile; fileRef = 53820EEE2A725256001B7561 /* DynamicPrototypesTableViewController.swift */; };
		53820EF12A727FD4001B7561 /* ShoppingTableViewController.swift in Sources */ = {isa = PBXBuildFile; fileRef = 53820EF02A727FD4001B7561 /* ShoppingTableViewController.swift */; };
		53820EF32A735046001B7561 /* CustomTableViewController.swift in Sources */ = {isa = PBXBuildFile; fileRef = 53820EF22A735046001B7561 /* CustomTableViewController.swift */; };
		53820EF52A735289001B7561 /* CustomTableViewCell.swift in Sources */ = {isa = PBXBuildFile; fileRef = 53820EF42A735289001B7561 /* CustomTableViewCell.swift */; };
		53D87FA32A7389C500B388D1 /* ToDo.swift in Sources */ = {isa = PBXBuildFile; fileRef = 53D87FA22A7389C500B388D1 /* ToDo.swift */; };
		53D87FA52A738A1E00B388D1 /* ToDoInformation.swift in Sources */ = {isa = PBXBuildFile; fileRef = 53D87FA42A738A1E00B388D1 /* ToDoInformation.swift */; };
		53D87FA82A73DC6600B388D1 /* Movie.storyboard in Resources */ = {isa = PBXBuildFile; fileRef = 53D87FA72A73DC6600B388D1 /* Movie.storyboard */; };
		53D87FAA2A73DCAC00B388D1 /* MovieInfo.swift in Sources */ = {isa = PBXBuildFile; fileRef = 53D87FA92A73DCAC00B388D1 /* MovieInfo.swift */; };
		53D87FAC2A73DCFA00B388D1 /* Movie.swift in Sources */ = {isa = PBXBuildFile; fileRef = 53D87FAB2A73DCFA00B388D1 /* Movie.swift */; };
/* End PBXBuildFile section */

/* Begin PBXFileReference section */
		53820ECF2A71FFF4001B7561 /* StudyWeek3.app */ = {isa = PBXFileReference; explicitFileType = wrapper.application; includeInIndex = 0; path = StudyWeek3.app; sourceTree = BUILT_PRODUCTS_DIR; };
		53820ED22A71FFF4001B7561 /* AppDelegate.swift */ = {isa = PBXFileReference; lastKnownFileType = sourcecode.swift; path = AppDelegate.swift; sourceTree = "<group>"; };
		53820ED42A71FFF4001B7561 /* SceneDelegate.swift */ = {isa = PBXFileReference; lastKnownFileType = sourcecode.swift; path = SceneDelegate.swift; sourceTree = "<group>"; };
		53820ED62A71FFF4001B7561 /* ViewController.swift */ = {isa = PBXFileReference; lastKnownFileType = sourcecode.swift; path = ViewController.swift; sourceTree = "<group>"; };
		53820ED92A71FFF4001B7561 /* Base */ = {isa = PBXFileReference; lastKnownFileType = file.storyboard; name = Base; path = Base.lproj/Main.storyboard; sourceTree = "<group>"; };
		53820EDB2A71FFF5001B7561 /* Assets.xcassets */ = {isa = PBXFileReference; lastKnownFileType = folder.assetcatalog; path = Assets.xcassets; sourceTree = "<group>"; };
		53820EDE2A71FFF5001B7561 /* Base */ = {isa = PBXFileReference; lastKnownFileType = file.storyboard; name = Base; path = Base.lproj/LaunchScreen.storyboard; sourceTree = "<group>"; };
		53820EE02A71FFF5001B7561 /* Info.plist */ = {isa = PBXFileReference; lastKnownFileType = text.plist.xml; path = Info.plist; sourceTree = "<group>"; };
		53820EE62A721002001B7561 /* TodoTableViewController.swift */ = {isa = PBXFileReference; lastKnownFileType = sourcecode.swift; path = TodoTableViewController.swift; sourceTree = "<group>"; };
		53820EE82A7232DF001B7561 /* StudyTableViewController.swift */ = {isa = PBXFileReference; lastKnownFileType = sourcecode.swift; path = StudyTableViewController.swift; sourceTree = "<group>"; };
		53820EEA2A724974001B7561 /* Extension.swift */ = {isa = PBXFileReference; lastKnownFileType = sourcecode.swift; path = Extension.swift; sourceTree = "<group>"; };
		53820EEC2A724C9E001B7561 /* Setting.storyboard */ = {isa = PBXFileReference; lastKnownFileType = file.storyboard; path = Setting.storyboard; sourceTree = "<group>"; };
		53820EEE2A725256001B7561 /* DynamicPrototypesTableViewController.swift */ = {isa = PBXFileReference; lastKnownFileType = sourcecode.swift; path = DynamicPrototypesTableViewController.swift; sourceTree = "<group>"; };
		53820EF02A727FD4001B7561 /* ShoppingTableViewController.swift */ = {isa = PBXFileReference; lastKnownFileType = sourcecode.swift; path = ShoppingTableViewController.swift; sourceTree = "<group>"; };
		53820EF22A735046001B7561 /* CustomTableViewController.swift */ = {isa = PBXFileReference; lastKnownFileType = sourcecode.swift; path = CustomTableViewController.swift; sourceTree = "<group>"; };
		53820EF42A735289001B7561 /* CustomTableViewCell.swift */ = {isa = PBXFileReference; lastKnownFileType = sourcecode.swift; path = CustomTableViewCell.swift; sourceTree = "<group>"; };
		53D87FA22A7389C500B388D1 /* ToDo.swift */ = {isa = PBXFileReference; lastKnownFileType = sourcecode.swift; path = ToDo.swift; sourceTree = "<group>"; };
		53D87FA42A738A1E00B388D1 /* ToDoInformation.swift */ = {isa = PBXFileReference; lastKnownFileType = sourcecode.swift; path = ToDoInformation.swift; sourceTree = "<group>"; };
		53D87FA72A73DC6600B388D1 /* Movie.storyboard */ = {isa = PBXFileReference; lastKnownFileType = file.storyboard; path = Movie.storyboard; sourceTree = "<group>"; };
		53D87FA92A73DCAC00B388D1 /* MovieInfo.swift */ = {isa = PBXFileReference; fileEncoding = 4; lastKnownFileType = sourcecode.swift; name = MovieInfo.swift; path = ../../../../Downloads/MovieInfo.swift; sourceTree = "<group>"; };
		53D87FAB2A73DCFA00B388D1 /* Movie.swift */ = {isa = PBXFileReference; lastKnownFileType = sourcecode.swift; path = Movie.swift; sourceTree = "<group>"; };
/* End PBXFileReference section */

/* Begin PBXFrameworksBuildPhase section */
		53820ECC2A71FFF4001B7561 /* Frameworks */ = {
			isa = PBXFrameworksBuildPhase;
			buildActionMask = 2147483647;
			files = (
			);
			runOnlyForDeploymentPostprocessing = 0;
		};
/* End PBXFrameworksBuildPhase section */

/* Begin PBXGroup section */
		53820EC62A71FFF4001B7561 = {
			isa = PBXGroup;
			children = (
				53D87FA62A73DC4900B388D1 /* Assignment */,
				53820ED12A71FFF4001B7561 /* StudyWeek3 */,
				53820ED02A71FFF4001B7561 /* Products */,
			);
			sourceTree = "<group>";
		};
		53820ED02A71FFF4001B7561 /* Products */ = {
			isa = PBXGroup;
			children = (
				53820ECF2A71FFF4001B7561 /* StudyWeek3.app */,
			);
			name = Products;
			sourceTree = "<group>";
		};
		53820ED12A71FFF4001B7561 /* StudyWeek3 */ = {
			isa = PBXGroup;
			children = (
				53820ED22A71FFF4001B7561 /* AppDelegate.swift */,
				53820ED42A71FFF4001B7561 /* SceneDelegate.swift */,
				53820ED62A71FFF4001B7561 /* ViewController.swift */,
				53820ED82A71FFF4001B7561 /* Main.storyboard */,
				53820EF22A735046001B7561 /* CustomTableViewController.swift */,
				53D87FA42A738A1E00B388D1 /* ToDoInformation.swift */,
				53D87FA22A7389C500B388D1 /* ToDo.swift */,
				53820EF42A735289001B7561 /* CustomTableViewCell.swift */,
				53820EEA2A724974001B7561 /* Extension.swift */,
				53820EE62A721002001B7561 /* TodoTableViewController.swift */,
				53820EEC2A724C9E001B7561 /* Setting.storyboard */,
				53820EF02A727FD4001B7561 /* ShoppingTableViewController.swift */,
				53820EEE2A725256001B7561 /* DynamicPrototypesTableViewController.swift */,
				53820EE82A7232DF001B7561 /* StudyTableViewController.swift */,
				53820EDB2A71FFF5001B7561 /* Assets.xcassets */,
				53820EDD2A71FFF5001B7561 /* LaunchScreen.storyboard */,
				53820EE02A71FFF5001B7561 /* Info.plist */,
			);
			path = StudyWeek3;
			sourceTree = "<group>";
		};
		53D87FA62A73DC4900B388D1 /* Assignment */ = {
			isa = PBXGroup;
			children = (
				53D87FA92A73DCAC00B388D1 /* MovieInfo.swift */,
				53D87FA72A73DC6600B388D1 /* Movie.storyboard */,
				53D87FAB2A73DCFA00B388D1 /* Movie.swift */,
			);
			path = Assignment;
			sourceTree = "<group>";
		};
/* End PBXGroup section */

/* Begin PBXNativeTarget section */
		53820ECE2A71FFF4001B7561 /* StudyWeek3 */ = {
			isa = PBXNativeTarget;
			buildConfigurationList = 53820EE32A71FFF5001B7561 /* Build configuration list for PBXNativeTarget "StudyWeek3" */;
			buildPhases = (
				53820ECB2A71FFF4001B7561 /* Sources */,
				53820ECC2A71FFF4001B7561 /* Frameworks */,
				53820ECD2A71FFF4001B7561 /* Resources */,
			);
			buildRules = (
			);
			dependencies = (
			);
			name = StudyWeek3;
			productName = StudyWeek3;
			productReference = 53820ECF2A71FFF4001B7561 /* StudyWeek3.app */;
			productType = "com.apple.product-type.application";
		};
/* End PBXNativeTarget section */

/* Begin PBXProject section */
		53820EC72A71FFF4001B7561 /* Project object */ = {
			isa = PBXProject;
			attributes = {
				BuildIndependentTargetsInParallel = 1;
				LastSwiftUpdateCheck = 1430;
				LastUpgradeCheck = 1430;
				TargetAttributes = {
					53820ECE2A71FFF4001B7561 = {
						CreatedOnToolsVersion = 14.3.1;
					};
				};
			};
			buildConfigurationList = 53820ECA2A71FFF4001B7561 /* Build configuration list for PBXProject "StudyWeek3" */;
			compatibilityVersion = "Xcode 14.0";
			developmentRegion = en;
			hasScannedForEncodings = 0;
			knownRegions = (
				en,
				Base,
			);
			mainGroup = 53820EC62A71FFF4001B7561;
			productRefGroup = 53820ED02A71FFF4001B7561 /* Products */;
			projectDirPath = "";
			projectRoot = "";
			targets = (
				53820ECE2A71FFF4001B7561 /* StudyWeek3 */,
			);
		};
/* End PBXProject section */

/* Begin PBXResourcesBuildPhase section */
		53820ECD2A71FFF4001B7561 /* Resources */ = {
			isa = PBXResourcesBuildPhase;
			buildActionMask = 2147483647;
			files = (
				53D87FA82A73DC6600B388D1 /* Movie.storyboard in Resources */,
				53820EDF2A71FFF5001B7561 /* LaunchScreen.storyboard in Resources */,
				53820EDC2A71FFF5001B7561 /* Assets.xcassets in Resources */,
				53820EDA2A71FFF4001B7561 /* Main.storyboard in Resources */,
				53820EED2A724C9E001B7561 /* Setting.storyboard in Resources */,
			);
			runOnlyForDeploymentPostprocessing = 0;
		};
/* End PBXResourcesBuildPhase section */

/* Begin PBXSourcesBuildPhase section */
		53820ECB2A71FFF4001B7561 /* Sources */ = {
			isa = PBXSourcesBuildPhase;
			buildActionMask = 2147483647;
			files = (
				53D87FAC2A73DCFA00B388D1 /* Movie.swift in Sources */,
				53820ED72A71FFF4001B7561 /* ViewController.swift in Sources */,
				53820EF12A727FD4001B7561 /* ShoppingTableViewController.swift in Sources */,
				53820EEF2A725256001B7561 /* DynamicPrototypesTableViewController.swift in Sources */,
				53D87FA32A7389C500B388D1 /* ToDo.swift in Sources */,
				53D87FA52A738A1E00B388D1 /* ToDoInformation.swift in Sources */,
				53820EE72A721002001B7561 /* TodoTableViewController.swift in Sources */,
				53820EE92A7232DF001B7561 /* StudyTableViewController.swift in Sources */,
				53820EEB2A724974001B7561 /* Extension.swift in Sources */,
				53820EF52A735289001B7561 /* CustomTableViewCell.swift in Sources */,
				53820ED32A71FFF4001B7561 /* AppDelegate.swift in Sources */,
				53820EF32A735046001B7561 /* CustomTableViewController.swift in Sources */,
				53D87FAA2A73DCAC00B388D1 /* MovieInfo.swift in Sources */,
				53820ED52A71FFF4001B7561 /* SceneDelegate.swift in Sources */,
			);
			runOnlyForDeploymentPostprocessing = 0;
		};
/* End PBXSourcesBuildPhase section */

/* Begin PBXVariantGroup section */
		53820ED82A71FFF4001B7561 /* Main.storyboard */ = {
			isa = PBXVariantGroup;
			children = (
				53820ED92A71FFF4001B7561 /* Base */,
			);
			name = Main.storyboard;
			sourceTree = "<group>";
		};
		53820EDD2A71FFF5001B7561 /* LaunchScreen.storyboard */ = {
			isa = PBXVariantGroup;
			children = (
				53820EDE2A71FFF5001B7561 /* Base */,
			);
			name = LaunchScreen.storyboard;
			sourceTree = "<group>";
		};
/* End PBXVariantGroup section */

/* Begin XCBuildConfiguration section */
		53820EE12A71FFF5001B7561 /* Debug */ = {
			isa = XCBuildConfiguration;
			buildSettings = {
				ALWAYS_SEARCH_USER_PATHS = NO;
				CLANG_ANALYZER_NONNULL = YES;
				CLANG_ANALYZER_NUMBER_OBJECT_CONVERSION = YES_AGGRESSIVE;
				CLANG_CXX_LANGUAGE_STANDARD = "gnu++20";
				CLANG_ENABLE_MODULES = YES;
				CLANG_ENABLE_OBJC_ARC = YES;
				CLANG_ENABLE_OBJC_WEAK = YES;
				CLANG_WARN_BLOCK_CAPTURE_AUTORELEASING = YES;
				CLANG_WARN_BOOL_CONVERSION = YES;
				CLANG_WARN_COMMA = YES;
				CLANG_WARN_CONSTANT_CONVERSION = YES;
				CLANG_WARN_DEPRECATED_OBJC_IMPLEMENTATIONS = YES;
				CLANG_WARN_DIRECT_OBJC_ISA_USAGE = YES_ERROR;
				CLANG_WARN_DOCUMENTATION_COMMENTS = YES;
				CLANG_WARN_EMPTY_BODY = YES;
				CLANG_WARN_ENUM_CONVERSION = YES;
				CLANG_WARN_INFINITE_RECURSION = YES;
				CLANG_WARN_INT_CONVERSION = YES;
				CLANG_WARN_NON_LITERAL_NULL_CONVERSION = YES;
				CLANG_WARN_OBJC_IMPLICIT_RETAIN_SELF = YES;
				CLANG_WARN_OBJC_LITERAL_CONVERSION = YES;
				CLANG_WARN_OBJC_ROOT_CLASS = YES_ERROR;
				CLANG_WARN_QUOTED_INCLUDE_IN_FRAMEWORK_HEADER = YES;
				CLANG_WARN_RANGE_LOOP_ANALYSIS = YES;
				CLANG_WARN_STRICT_PROTOTYPES = YES;
				CLANG_WARN_SUSPICIOUS_MOVE = YES;
				CLANG_WARN_UNGUARDED_AVAILABILITY = YES_AGGRESSIVE;
				CLANG_WARN_UNREACHABLE_CODE = YES;
				CLANG_WARN__DUPLICATE_METHOD_MATCH = YES;
				COPY_PHASE_STRIP = NO;
				DEBUG_INFORMATION_FORMAT = dwarf;
				ENABLE_STRICT_OBJC_MSGSEND = YES;
				ENABLE_TESTABILITY = YES;
				GCC_C_LANGUAGE_STANDARD = gnu11;
				GCC_DYNAMIC_NO_PIC = NO;
				GCC_NO_COMMON_BLOCKS = YES;
				GCC_OPTIMIZATION_LEVEL = 0;
				GCC_PREPROCESSOR_DEFINITIONS = (
					"DEBUG=1",
					"$(inherited)",
				);
				GCC_WARN_64_TO_32_BIT_CONVERSION = YES;
				GCC_WARN_ABOUT_RETURN_TYPE = YES_ERROR;
				GCC_WARN_UNDECLARED_SELECTOR = YES;
				GCC_WARN_UNINITIALIZED_AUTOS = YES_AGGRESSIVE;
				GCC_WARN_UNUSED_FUNCTION = YES;
				GCC_WARN_UNUSED_VARIABLE = YES;
				IPHONEOS_DEPLOYMENT_TARGET = 16.4;
				MTL_ENABLE_DEBUG_INFO = INCLUDE_SOURCE;
				MTL_FAST_MATH = YES;
				ONLY_ACTIVE_ARCH = YES;
				SDKROOT = iphoneos;
				SWIFT_ACTIVE_COMPILATION_CONDITIONS = DEBUG;
				SWIFT_OPTIMIZATION_LEVEL = "-Onone";
			};
			name = Debug;
		};
		53820EE22A71FFF5001B7561 /* Release */ = {
			isa = XCBuildConfiguration;
			buildSettings = {
				ALWAYS_SEARCH_USER_PATHS = NO;
				CLANG_ANALYZER_NONNULL = YES;
				CLANG_ANALYZER_NUMBER_OBJECT_CONVERSION = YES_AGGRESSIVE;
				CLANG_CXX_LANGUAGE_STANDARD = "gnu++20";
				CLANG_ENABLE_MODULES = YES;
				CLANG_ENABLE_OBJC_ARC = YES;
				CLANG_ENABLE_OBJC_WEAK = YES;
				CLANG_WARN_BLOCK_CAPTURE_AUTORELEASING = YES;
				CLANG_WARN_BOOL_CONVERSION = YES;
				CLANG_WARN_COMMA = YES;
				CLANG_WARN_CONSTANT_CONVERSION = YES;
				CLANG_WARN_DEPRECATED_OBJC_IMPLEMENTATIONS = YES;
				CLANG_WARN_DIRECT_OBJC_ISA_USAGE = YES_ERROR;
				CLANG_WARN_DOCUMENTATION_COMMENTS = YES;
				CLANG_WARN_EMPTY_BODY = YES;
				CLANG_WARN_ENUM_CONVERSION = YES;
				CLANG_WARN_INFINITE_RECURSION = YES;
				CLANG_WARN_INT_CONVERSION = YES;
				CLANG_WARN_NON_LITERAL_NULL_CONVERSION = YES;
				CLANG_WARN_OBJC_IMPLICIT_RETAIN_SELF = YES;
				CLANG_WARN_OBJC_LITERAL_CONVERSION = YES;
				CLANG_WARN_OBJC_ROOT_CLASS = YES_ERROR;
				CLANG_WARN_QUOTED_INCLUDE_IN_FRAMEWORK_HEADER = YES;
				CLANG_WARN_RANGE_LOOP_ANALYSIS = YES;
				CLANG_WARN_STRICT_PROTOTYPES = YES;
				CLANG_WARN_SUSPICIOUS_MOVE = YES;
				CLANG_WARN_UNGUARDED_AVAILABILITY = YES_AGGRESSIVE;
				CLANG_WARN_UNREACHABLE_CODE = YES;
				CLANG_WARN__DUPLICATE_METHOD_MATCH = YES;
				COPY_PHASE_STRIP = NO;
				DEBUG_INFORMATION_FORMAT = "dwarf-with-dsym";
				ENABLE_NS_ASSERTIONS = NO;
				ENABLE_STRICT_OBJC_MSGSEND = YES;
				GCC_C_LANGUAGE_STANDARD = gnu11;
				GCC_NO_COMMON_BLOCKS = YES;
				GCC_WARN_64_TO_32_BIT_CONVERSION = YES;
				GCC_WARN_ABOUT_RETURN_TYPE = YES_ERROR;
				GCC_WARN_UNDECLARED_SELECTOR = YES;
				GCC_WARN_UNINITIALIZED_AUTOS = YES_AGGRESSIVE;
				GCC_WARN_UNUSED_FUNCTION = YES;
				GCC_WARN_UNUSED_VARIABLE = YES;
				IPHONEOS_DEPLOYMENT_TARGET = 16.4;
				MTL_ENABLE_DEBUG_INFO = NO;
				MTL_FAST_MATH = YES;
				SDKROOT = iphoneos;
				SWIFT_COMPILATION_MODE = wholemodule;
				SWIFT_OPTIMIZATION_LEVEL = "-O";
				VALIDATE_PRODUCT = YES;
			};
			name = Release;
		};
		53820EE42A71FFF5001B7561 /* Debug */ = {
			isa = XCBuildConfiguration;
			buildSettings = {
				ASSETCATALOG_COMPILER_APPICON_NAME = AppIcon;
				ASSETCATALOG_COMPILER_GLOBAL_ACCENT_COLOR_NAME = AccentColor;
				CODE_SIGN_STYLE = Automatic;
				CURRENT_PROJECT_VERSION = 1;
				DEVELOPMENT_TEAM = KLYH4UN5ZC;
				GENERATE_INFOPLIST_FILE = YES;
				INFOPLIST_FILE = StudyWeek3/Info.plist;
				INFOPLIST_KEY_UIApplicationSupportsIndirectInputEvents = YES;
				INFOPLIST_KEY_UILaunchStoryboardName = LaunchScreen;
				INFOPLIST_KEY_UIMainStoryboardFile = Main;
				INFOPLIST_KEY_UISupportedInterfaceOrientations_iPad = "UIInterfaceOrientationPortrait UIInterfaceOrientationPortraitUpsideDown UIInterfaceOrientationLandscapeLeft UIInterfaceOrientationLandscapeRight";
				INFOPLIST_KEY_UISupportedInterfaceOrientations_iPhone = "UIInterfaceOrientationPortrait UIInterfaceOrientationLandscapeLeft UIInterfaceOrientationLandscapeRight";
				LD_RUNPATH_SEARCH_PATHS = (
					"$(inherited)",
					"@executable_path/Frameworks",
				);
				MARKETING_VERSION = 1.0;
				PRODUCT_BUNDLE_IDENTIFIER = com.dahye.StudyWeek3;
				PRODUCT_NAME = "$(TARGET_NAME)";
				SUPPORTED_PLATFORMS = "iphoneos iphonesimulator";
				SUPPORTS_MACCATALYST = NO;
				SUPPORTS_MAC_DESIGNED_FOR_IPHONE_IPAD = NO;
				SWIFT_EMIT_LOC_STRINGS = YES;
				SWIFT_VERSION = 5.0;
				TARGETED_DEVICE_FAMILY = 1;
			};
			name = Debug;
		};
		53820EE52A71FFF5001B7561 /* Release */ = {
			isa = XCBuildConfiguration;
			buildSettings = {
				ASSETCATALOG_COMPILER_APPICON_NAME = AppIcon;
				ASSETCATALOG_COMPILER_GLOBAL_ACCENT_COLOR_NAME = AccentColor;
				CODE_SIGN_STYLE = Automatic;
				CURRENT_PROJECT_VERSION = 1;
				DEVELOPMENT_TEAM = KLYH4UN5ZC;
				GENERATE_INFOPLIST_FILE = YES;
				INFOPLIST_FILE = StudyWeek3/Info.plist;
				INFOPLIST_KEY_UIApplicationSupportsIndirectInputEvents = YES;
				INFOPLIST_KEY_UILaunchStoryboardName = LaunchScreen;
				INFOPLIST_KEY_UIMainStoryboardFile = Main;
				INFOPLIST_KEY_UISupportedInterfaceOrientations_iPad = "UIInterfaceOrientationPortrait UIInterfaceOrientationPortraitUpsideDown UIInterfaceOrientationLandscapeLeft UIInterfaceOrientationLandscapeRight";
				INFOPLIST_KEY_UISupportedInterfaceOrientations_iPhone = "UIInterfaceOrientationPortrait UIInterfaceOrientationLandscapeLeft UIInterfaceOrientationLandscapeRight";
				LD_RUNPATH_SEARCH_PATHS = (
					"$(inherited)",
					"@executable_path/Frameworks",
				);
				MARKETING_VERSION = 1.0;
				PRODUCT_BUNDLE_IDENTIFIER = com.dahye.StudyWeek3;
				PRODUCT_NAME = "$(TARGET_NAME)";
				SUPPORTED_PLATFORMS = "iphoneos iphonesimulator";
				SUPPORTS_MACCATALYST = NO;
				SUPPORTS_MAC_DESIGNED_FOR_IPHONE_IPAD = NO;
				SWIFT_EMIT_LOC_STRINGS = YES;
				SWIFT_VERSION = 5.0;
				TARGETED_DEVICE_FAMILY = 1;
			};
			name = Release;
		};
/* End XCBuildConfiguration section */

/* Begin XCConfigurationList section */
		53820ECA2A71FFF4001B7561 /* Build configuration list for PBXProject "StudyWeek3" */ = {
			isa = XCConfigurationList;
			buildConfigurations = (
				53820EE12A71FFF5001B7561 /* Debug */,
				53820EE22A71FFF5001B7561 /* Release */,
			);
			defaultConfigurationIsVisible = 0;
			defaultConfigurationName = Release;
		};
		53820EE32A71FFF5001B7561 /* Build configuration list for PBXNativeTarget "StudyWeek3" */ = {
			isa = XCConfigurationList;
			buildConfigurations = (
				53820EE42A71FFF5001B7561 /* Debug */,
				53820EE52A71FFF5001B7561 /* Release */,
			);
			defaultConfigurationIsVisible = 0;
			defaultConfigurationName = Release;
		};
/* End XCConfigurationList section */
	};
	rootObject = 53820EC72A71FFF4001B7561 /* Project object */;
}
